
Microsoft Visual Studio Solution File, Format Version 12.00
# Visual Studio 2013
VisualStudioVersion = 12.0.40629.0
MinimumVisualStudioVersion = 10.0.40219.1
Project("{2150E333-8FDC-42A3-9474-1A3956D46DE8}") = ".project", ".project", "{73AFA19D-DD5C-4352-8208-BB674630EED4}"
	ProjectSection(SolutionItems) = preProject
		azure\AZURE.md = azure\AZURE.md
		azure\brisk-tutorial.md = azure\brisk-tutorial.md
		README.md = README.md
	EndProjectSection
EndProject
Project("{2150E333-8FDC-42A3-9474-1A3956D46DE8}") = "CustomCloudService", "CustomCloudService", "{A22110AA-B0CE-4E15-9D6B-680C2B9EB9FF}"
EndProject
Project("{FAE04EC0-301F-11D3-BF4B-00C04F79EFBC}") = "MBraceAzureRole", "azure\CustomCloudService\MBraceAzureRole\MBraceAzureRole.csproj", "{35465652-47E8-4410-8EBC-8986B0867227}"
EndProject
Project("{CC5FD16D-436D-48AD-A40C-5A424C6E3E79}") = "MBraceAzureService", "azure\CustomCloudService\MBraceAzureService\MBraceAzureService.ccproj", "{D2E22F3F-B562-471F-B4EB-AC2E5D44434A}"
EndProject
Project("{2150E333-8FDC-42A3-9474-1A3956D46DE8}") = ".paket", ".paket", "{D2950040-04C7-4684-9633-EE33F715F9B7}"
	ProjectSection(SolutionItems) = preProject
		.paket\paket.bootstrapper.exe = .paket\paket.bootstrapper.exe
		paket.dependencies = paket.dependencies
		paket.lock = paket.lock
		.paket\paket.targets = .paket\paket.targets
	EndProjectSection
EndProject
Global
	GlobalSection(SolutionConfigurationPlatforms) = preSolution
		Debug|Any CPU = Debug|Any CPU
		Release|Any CPU = Release|Any CPU
	EndGlobalSection
	GlobalSection(ProjectConfigurationPlatforms) = postSolution
		{35465652-47E8-4410-8EBC-8986B0867227}.Debug|Any CPU.ActiveCfg = Debug|Any CPU
		{35465652-47E8-4410-8EBC-8986B0867227}.Debug|Any CPU.Build.0 = Debug|Any CPU
		{35465652-47E8-4410-8EBC-8986B0867227}.Release|Any CPU.ActiveCfg = Release|Any CPU
		{35465652-47E8-4410-8EBC-8986B0867227}.Release|Any CPU.Build.0 = Release|Any CPU
		{D2E22F3F-B562-471F-B4EB-AC2E5D44434A}.Debug|Any CPU.ActiveCfg = Debug|Any CPU
		{D2E22F3F-B562-471F-B4EB-AC2E5D44434A}.Debug|Any CPU.Build.0 = Debug|Any CPU
		{D2E22F3F-B562-471F-B4EB-AC2E5D44434A}.Release|Any CPU.ActiveCfg = Release|Any CPU
		{D2E22F3F-B562-471F-B4EB-AC2E5D44434A}.Release|Any CPU.Build.0 = Release|Any CPU
	EndGlobalSection
	GlobalSection(SolutionProperties) = preSolution
		HideSolutionNode = FALSE
	EndGlobalSection
	GlobalSection(NestedProjects) = preSolution
		{35465652-47E8-4410-8EBC-8986B0867227} = {A22110AA-B0CE-4E15-9D6B-680C2B9EB9FF}
		{D2E22F3F-B562-471F-B4EB-AC2E5D44434A} = {A22110AA-B0CE-4E15-9D6B-680C2B9EB9FF}
		{D2950040-04C7-4684-9633-EE33F715F9B7} = {73AFA19D-DD5C-4352-8208-BB674630EED4}
	EndGlobalSection
EndGlobal
