
Microsoft Visual Studio Solution File, Format Version 12.00
# Visual Studio 14
VisualStudioVersion = 14.0.24606.1
MinimumVisualStudioVersion = 10.0.40219.1
Project("{2150E333-8FDC-42A3-9474-1A3956D46DE8}") = ".project", ".project", "{73AFA19D-DD5C-4352-8208-BB674630EED4}"
	ProjectSection(SolutionItems) = preProject
		azure\brisk-tutorial.md = azure\brisk-tutorial.md
		README.md = README.md
	EndProjectSection
EndProject
Project("{F2A71F9B-5D33-465A-A702-920D77279786}") = "HandsOnTutorial", "HandsOnTutorial\HandsOnTutorial.fsproj", "{DF4661CC-A8B7-418F-A977-51A4B6CBC803}"
EndProject
Project("{2150E333-8FDC-42A3-9474-1A3956D46DE8}") = ".paket", ".paket", "{ABC597C9-AEA0-495B-A333-65C442226212}"
	ProjectSection(SolutionItems) = preProject
		.paket\paket.bootstrapper.exe = .paket\paket.bootstrapper.exe
		paket.dependencies = paket.dependencies
		paket.lock = paket.lock
		.paket\paket.targets = .paket\paket.targets
	EndProjectSection
EndProject
Project("{2150E333-8FDC-42A3-9474-1A3956D46DE8}") = "data", "data", "{07DD2642-ADB1-4944-94F0-937E3B8EC669}"
	ProjectSection(SolutionItems) = preProject
		data\test.csv = data\test.csv
		data\train.csv = data\train.csv
	EndProjectSection
EndProject
Global
	GlobalSection(SolutionConfigurationPlatforms) = preSolution
		Debug|Any CPU = Debug|Any CPU
		Release|Any CPU = Release|Any CPU
	EndGlobalSection
	GlobalSection(ProjectConfigurationPlatforms) = postSolution
		{DF4661CC-A8B7-418F-A977-51A4B6CBC803}.Debug|Any CPU.ActiveCfg = Debug|Any CPU
		{DF4661CC-A8B7-418F-A977-51A4B6CBC803}.Debug|Any CPU.Build.0 = Debug|Any CPU
		{DF4661CC-A8B7-418F-A977-51A4B6CBC803}.Release|Any CPU.ActiveCfg = Release|Any CPU
		{DF4661CC-A8B7-418F-A977-51A4B6CBC803}.Release|Any CPU.Build.0 = Release|Any CPU
	EndGlobalSection
	GlobalSection(SolutionProperties) = preSolution
		HideSolutionNode = FALSE
	EndGlobalSection
	GlobalSection(NestedProjects) = preSolution
		{ABC597C9-AEA0-495B-A333-65C442226212} = {73AFA19D-DD5C-4352-8208-BB674630EED4}
	EndGlobalSection
EndGlobal
