
Microsoft Visual Studio Solution File, Format Version 12.00
# Visual Studio 2013
VisualStudioVersion = 12.0.31101.0
MinimumVisualStudioVersion = 10.0.40219.1
Project("{2150E333-8FDC-42A3-9474-1A3956D46DE8}") = ".nuget", ".nuget", "{B60861F6-B935-42A8-B365-C69D25F73BEE}"
	ProjectSection(SolutionItems) = preProject
		.nuget\NuGet.Config = .nuget\NuGet.Config
		.nuget\NuGet.exe = .nuget\NuGet.exe
	EndProjectSection
EndProject
Project("{2150E333-8FDC-42A3-9474-1A3956D46DE8}") = "project", "project", "{73AFA19D-DD5C-4352-8208-BB674630EED4}"
	ProjectSection(SolutionItems) = preProject
		.gitignore = .gitignore
		README.md = README.md
	EndProjectSection
EndProject
Project("{2150E333-8FDC-42A3-9474-1A3956D46DE8}") = "azure", "azure", "{922110AA-B0CE-4E15-9D6B-680C2B9EB9FF}"
	ProjectSection(SolutionItems) = preProject
		azure\azure.md = azure\azure.md
	EndProjectSection
EndProject
Project("{F2A71F9B-5D33-465A-A702-920D77279786}") = "MBraceAzureClient", "azure\MBraceAzureClient\MBraceAzureClient.fsproj", "{1FC572E2-17F4-4771-9261-8433BFBEB526}"
EndProject
Project("{FAE04EC0-301F-11D3-BF4B-00C04F79EFBC}") = "MBraceAzureRole", "azure\MBraceAzureRole\MBraceAzureRole.csproj", "{35465652-47E8-4410-8EBC-8986B0867227}"
EndProject
Project("{CC5FD16D-436D-48AD-A40C-5A424C6E3E79}") = "MBraceAzureService", "azure\MBraceAzureService\MBraceAzureService.ccproj", "{D2E22F3F-B562-471F-B4EB-AC2E5D44434A}"
EndProject
Global
	GlobalSection(SolutionConfigurationPlatforms) = preSolution
		Debug|Any CPU = Debug|Any CPU
		Release|Any CPU = Release|Any CPU
	EndGlobalSection
	GlobalSection(ProjectConfigurationPlatforms) = postSolution
		{1FC572E2-17F4-4771-9261-8433BFBEB526}.Debug|Any CPU.ActiveCfg = Debug|Any CPU
		{1FC572E2-17F4-4771-9261-8433BFBEB526}.Debug|Any CPU.Build.0 = Debug|Any CPU
		{1FC572E2-17F4-4771-9261-8433BFBEB526}.Release|Any CPU.ActiveCfg = Release|Any CPU
		{1FC572E2-17F4-4771-9261-8433BFBEB526}.Release|Any CPU.Build.0 = Release|Any CPU
		{35465652-47E8-4410-8EBC-8986B0867227}.Debug|Any CPU.ActiveCfg = Debug|Any CPU
		{35465652-47E8-4410-8EBC-8986B0867227}.Debug|Any CPU.Build.0 = Debug|Any CPU
		{35465652-47E8-4410-8EBC-8986B0867227}.Release|Any CPU.ActiveCfg = Release|Any CPU
		{35465652-47E8-4410-8EBC-8986B0867227}.Release|Any CPU.Build.0 = Release|Any CPU
		{D2E22F3F-B562-471F-B4EB-AC2E5D44434A}.Debug|Any CPU.ActiveCfg = Debug|Any CPU
		{D2E22F3F-B562-471F-B4EB-AC2E5D44434A}.Debug|Any CPU.Build.0 = Debug|Any CPU
		{D2E22F3F-B562-471F-B4EB-AC2E5D44434A}.Release|Any CPU.ActiveCfg = Release|Any CPU
		{D2E22F3F-B562-471F-B4EB-AC2E5D44434A}.Release|Any CPU.Build.0 = Release|Any CPU
	EndGlobalSection
	GlobalSection(SolutionProperties) = preSolution
		HideSolutionNode = FALSE
	EndGlobalSection
	GlobalSection(NestedProjects) = preSolution
		{1FC572E2-17F4-4771-9261-8433BFBEB526} = {922110AA-B0CE-4E15-9D6B-680C2B9EB9FF}
		{35465652-47E8-4410-8EBC-8986B0867227} = {922110AA-B0CE-4E15-9D6B-680C2B9EB9FF}
		{D2E22F3F-B562-471F-B4EB-AC2E5D44434A} = {922110AA-B0CE-4E15-9D6B-680C2B9EB9FF}
	EndGlobalSection
EndGlobal
