
Microsoft Visual Studio Solution File, Format Version 12.00
# Visual Studio 2013
VisualStudioVersion = 12.0.30723.0
MinimumVisualStudioVersion = 10.0.40219.1
Project("{F2A71F9B-5D33-465A-A702-920D77279786}") = "Demo.Scripts", "Demo.Scripts\Demo.Scripts.fsproj", "{7305971B-AD13-43FF-BAF4-1E073D8A45BF}"
EndProject
Project("{F2A71F9B-5D33-465A-A702-920D77279786}") = "Demo.Standalone", "Demo.Standalone\Demo.Standalone.fsproj", "{F85375AE-F4DA-4724-A69D-A7763BAF03B9}"
EndProject
Project("{F2A71F9B-5D33-465A-A702-920D77279786}") = "Demo.Lib", "Demo.Lib\Demo.Lib.fsproj", "{AD2244D4-30B0-4D86-BFAC-63164D7B93E5}"
EndProject
Project("{2150E333-8FDC-42A3-9474-1A3956D46DE8}") = "data", "data", "{6E4F8F74-D46E-4D5C-B245-0AB787F6107F}"
EndProject
Project("{2150E333-8FDC-42A3-9474-1A3956D46DE8}") = "Wikipedia", "Wikipedia", "{0133A2EB-B6F0-471A-9718-2FBAA61E3641}"
	ProjectSection(SolutionItems) = preProject
		data\Wikipedia\1000 = data\Wikipedia\1000
		data\Wikipedia\10000032 = data\Wikipedia\10000032
		data\Wikipedia\10000169 = data\Wikipedia\10000169
		data\Wikipedia\10000242 = data\Wikipedia\10000242
		data\Wikipedia\1000035 = data\Wikipedia\1000035
		data\Wikipedia\10000484 = data\Wikipedia\10000484
		data\Wikipedia\100005 = data\Wikipedia\100005
		data\Wikipedia\1000053 = data\Wikipedia\1000053
		data\Wikipedia\10000548 = data\Wikipedia\10000548
		data\Wikipedia\1000081 = data\Wikipedia\1000081
		data\Wikipedia\10000977 = data\Wikipedia\10000977
		data\Wikipedia\10001001 = data\Wikipedia\10001001
		data\Wikipedia\1000102 = data\Wikipedia\1000102
		data\Wikipedia\100011 = data\Wikipedia\100011
		data\Wikipedia\10001137 = data\Wikipedia\10001137
		data\Wikipedia\1000117 = data\Wikipedia\1000117
		data\Wikipedia\10001224 = data\Wikipedia\10001224
		data\Wikipedia\1000136 = data\Wikipedia\1000136
		data\Wikipedia\1000156 = data\Wikipedia\1000156
		data\Wikipedia\10001590 = data\Wikipedia\10001590
		data\Wikipedia\1000167 = data\Wikipedia\1000167
		data\Wikipedia\1000181 = data\Wikipedia\1000181
		data\Wikipedia\10001864 = data\Wikipedia\10001864
		data\Wikipedia\1000193 = data\Wikipedia\1000193
		data\Wikipedia\10002 = data\Wikipedia\10002
		data\Wikipedia\10002011 = data\Wikipedia\10002011
		data\Wikipedia\1000202 = data\Wikipedia\1000202
		data\Wikipedia\10002046 = data\Wikipedia\10002046
		data\Wikipedia\10002087 = data\Wikipedia\10002087
		data\Wikipedia\1000214 = data\Wikipedia\1000214
		data\Wikipedia\10002270 = data\Wikipedia\10002270
		data\Wikipedia\1000232 = data\Wikipedia\1000232
		data\Wikipedia\10002382 = data\Wikipedia\10002382
		data\Wikipedia\10002424 = data\Wikipedia\10002424
		data\Wikipedia\1000261 = data\Wikipedia\1000261
		data\Wikipedia\10002787 = data\Wikipedia\10002787
		data\Wikipedia\10002849 = data\Wikipedia\10002849
		data\Wikipedia\10002857 = data\Wikipedia\10002857
		data\Wikipedia\10002863 = data\Wikipedia\10002863
		data\Wikipedia\10002871 = data\Wikipedia\10002871
		data\Wikipedia\10002875 = data\Wikipedia\10002875
		data\Wikipedia\10002884 = data\Wikipedia\10002884
		data\Wikipedia\10002885 = data\Wikipedia\10002885
		data\Wikipedia\10002891 = data\Wikipedia\10002891
		data\Wikipedia\10002899 = data\Wikipedia\10002899
		data\Wikipedia\10002954 = data\Wikipedia\10002954
		data\Wikipedia\10002993 = data\Wikipedia\10002993
		data\Wikipedia\10003007 = data\Wikipedia\10003007
		data\Wikipedia\1000321 = data\Wikipedia\1000321
		data\Wikipedia\10003211 = data\Wikipedia\10003211
		data\Wikipedia\10003244 = data\Wikipedia\10003244
		data\Wikipedia\10003326 = data\Wikipedia\10003326
		data\Wikipedia\100034 = data\Wikipedia\100034
		data\Wikipedia\1000340 = data\Wikipedia\1000340
		data\Wikipedia\10003473 = data\Wikipedia\10003473
		data\Wikipedia\10003526 = data\Wikipedia\10003526
		data\Wikipedia\10003541 = data\Wikipedia\10003541
		data\Wikipedia\10003660 = data\Wikipedia\10003660
		data\Wikipedia\10003715 = data\Wikipedia\10003715
		data\Wikipedia\10003733 = data\Wikipedia\10003733
		data\Wikipedia\10003856 = data\Wikipedia\10003856
		data\Wikipedia\10003885 = data\Wikipedia\10003885
		data\Wikipedia\1000397 = data\Wikipedia\1000397
		data\Wikipedia\10004 = data\Wikipedia\10004
		data\Wikipedia\100040 = data\Wikipedia\100040
		data\Wikipedia\1000404 = data\Wikipedia\1000404
		data\Wikipedia\10004068 = data\Wikipedia\10004068
		data\Wikipedia\1000407 = data\Wikipedia\1000407
		data\Wikipedia\100041 = data\Wikipedia\100041
		data\Wikipedia\10004115 = data\Wikipedia\10004115
		data\Wikipedia\10004118 = data\Wikipedia\10004118
		data\Wikipedia\10004158 = data\Wikipedia\10004158
		data\Wikipedia\10004270 = data\Wikipedia\10004270
		data\Wikipedia\10004325 = data\Wikipedia\10004325
		data\Wikipedia\10004494 = data\Wikipedia\10004494
		data\Wikipedia\1000450 = data\Wikipedia\1000450
		data\Wikipedia\1000456 = data\Wikipedia\1000456
		data\Wikipedia\10004570 = data\Wikipedia\10004570
		data\Wikipedia\1000468 = data\Wikipedia\1000468
		data\Wikipedia\1000474 = data\Wikipedia\1000474
		data\Wikipedia\100048 = data\Wikipedia\100048
		data\Wikipedia\10004859 = data\Wikipedia\10004859
		data\Wikipedia\10004959 = data\Wikipedia\10004959
		data\Wikipedia\10005 = data\Wikipedia\10005
		data\Wikipedia\1000519 = data\Wikipedia\1000519
		data\Wikipedia\1000530 = data\Wikipedia\1000530
		data\Wikipedia\1000534 = data\Wikipedia\1000534
		data\Wikipedia\10005501 = data\Wikipedia\10005501
		data\Wikipedia\10005518 = data\Wikipedia\10005518
		data\Wikipedia\10005590 = data\Wikipedia\10005590
		data\Wikipedia\10005644 = data\Wikipedia\10005644
		data\Wikipedia\10005698 = data\Wikipedia\10005698
		data\Wikipedia\10005801 = data\Wikipedia\10005801
		data\Wikipedia\10006 = data\Wikipedia\10006
		data\Wikipedia\10006094 = data\Wikipedia\10006094
		data\Wikipedia\100061 = data\Wikipedia\100061
		data\Wikipedia\1000616 = data\Wikipedia\1000616
		data\Wikipedia\10006179 = data\Wikipedia\10006179
		data\Wikipedia\10006198 = data\Wikipedia\10006198
		data\Wikipedia\100062 = data\Wikipedia\100062
		data\Wikipedia\10006216 = data\Wikipedia\10006216
		data\Wikipedia\1000622 = data\Wikipedia\1000622
		data\Wikipedia\1000624 = data\Wikipedia\1000624
		data\Wikipedia\10006312 = data\Wikipedia\10006312
		data\Wikipedia\1000637 = data\Wikipedia\1000637
		data\Wikipedia\100066 = data\Wikipedia\100066
		data\Wikipedia\1000667 = data\Wikipedia\1000667
		data\Wikipedia\10006697 = data\Wikipedia\10006697
		data\Wikipedia\10006799 = data\Wikipedia\10006799
		data\Wikipedia\1000682 = data\Wikipedia\1000682
		data\Wikipedia\10006830 = data\Wikipedia\10006830
		data\Wikipedia\1000684 = data\Wikipedia\1000684
		data\Wikipedia\1000685 = data\Wikipedia\1000685
		data\Wikipedia\10006864 = data\Wikipedia\10006864
		data\Wikipedia\1000690 = data\Wikipedia\1000690
		data\Wikipedia\10006976 = data\Wikipedia\10006976
		data\Wikipedia\10006987 = data\Wikipedia\10006987
		data\Wikipedia\100070 = data\Wikipedia\100070
		data\Wikipedia\10007056 = data\Wikipedia\10007056
		data\Wikipedia\10007065 = data\Wikipedia\10007065
		data\Wikipedia\100071 = data\Wikipedia\100071
		data\Wikipedia\1000710 = data\Wikipedia\1000710
		data\Wikipedia\10007138 = data\Wikipedia\10007138
		data\Wikipedia\10007292 = data\Wikipedia\10007292
		data\Wikipedia\100073 = data\Wikipedia\100073
		data\Wikipedia\10007317 = data\Wikipedia\10007317
		data\Wikipedia\10007332 = data\Wikipedia\10007332
		data\Wikipedia\100074 = data\Wikipedia\100074
		data\Wikipedia\10007433 = data\Wikipedia\10007433
		data\Wikipedia\100075 = data\Wikipedia\100075
		data\Wikipedia\10007529 = data\Wikipedia\10007529
		data\Wikipedia\10007598 = data\Wikipedia\10007598
		data\Wikipedia\100076 = data\Wikipedia\100076
		data\Wikipedia\100078 = data\Wikipedia\100078
		data\Wikipedia\10007809 = data\Wikipedia\10007809
		data\Wikipedia\1000781 = data\Wikipedia\1000781
		data\Wikipedia\10007969 = data\Wikipedia\10007969
		data\Wikipedia\1000801 = data\Wikipedia\1000801
		data\Wikipedia\10008223 = data\Wikipedia\10008223
		data\Wikipedia\10008325 = data\Wikipedia\10008325
		data\Wikipedia\10008470 = data\Wikipedia\10008470
		data\Wikipedia\10008789 = data\Wikipedia\10008789
		data\Wikipedia\10008816 = data\Wikipedia\10008816
		data\Wikipedia\100089 = data\Wikipedia\100089
		data\Wikipedia\10008905 = data\Wikipedia\10008905
		data\Wikipedia\1000898 = data\Wikipedia\1000898
		data\Wikipedia\10009034 = data\Wikipedia\10009034
		data\Wikipedia\10009060 = data\Wikipedia\10009060
		data\Wikipedia\100091 = data\Wikipedia\100091
		data\Wikipedia\10009130 = data\Wikipedia\10009130
		data\Wikipedia\10009268 = data\Wikipedia\10009268
		data\Wikipedia\100094 = data\Wikipedia\100094
		data\Wikipedia\10009538 = data\Wikipedia\10009538
		data\Wikipedia\100096 = data\Wikipedia\100096
		data\Wikipedia\100097 = data\Wikipedia\100097
		data\Wikipedia\100098 = data\Wikipedia\100098
		data\Wikipedia\10009937 = data\Wikipedia\10009937
		data\Wikipedia\10010163 = data\Wikipedia\10010163
		data\Wikipedia\1001027 = data\Wikipedia\1001027
		data\Wikipedia\10010405 = data\Wikipedia\10010405
		data\Wikipedia\10010454 = data\Wikipedia\10010454
		data\Wikipedia\10010483 = data\Wikipedia\10010483
		data\Wikipedia\1001051 = data\Wikipedia\1001051
		data\Wikipedia\1001052 = data\Wikipedia\1001052
		data\Wikipedia\10010602 = data\Wikipedia\10010602
		data\Wikipedia\1001064 = data\Wikipedia\1001064
		data\Wikipedia\10010671 = data\Wikipedia\10010671
		data\Wikipedia\10010688 = data\Wikipedia\10010688
		data\Wikipedia\10010709 = data\Wikipedia\10010709
		data\Wikipedia\10010769 = data\Wikipedia\10010769
		data\Wikipedia\10010937 = data\Wikipedia\10010937
		data\Wikipedia\10011 = data\Wikipedia\10011
		data\Wikipedia\1001104 = data\Wikipedia\1001104
		data\Wikipedia\10011050 = data\Wikipedia\10011050
		data\Wikipedia\1001108 = data\Wikipedia\1001108
		data\Wikipedia\1001109 = data\Wikipedia\1001109
		data\Wikipedia\1001114 = data\Wikipedia\1001114
		data\Wikipedia\1001122 = data\Wikipedia\1001122
		data\Wikipedia\1001128 = data\Wikipedia\1001128
		data\Wikipedia\10011530 = data\Wikipedia\10011530
		data\Wikipedia\10011631 = data\Wikipedia\10011631
		data\Wikipedia\100117 = data\Wikipedia\100117
		data\Wikipedia\10011867 = data\Wikipedia\10011867
		data\Wikipedia\10011971 = data\Wikipedia\10011971
		data\Wikipedia\10012225 = data\Wikipedia\10012225
		data\Wikipedia\10012284 = data\Wikipedia\10012284
		data\Wikipedia\1001231 = data\Wikipedia\1001231
		data\Wikipedia\10012321 = data\Wikipedia\10012321
		data\Wikipedia\1001237 = data\Wikipedia\1001237
		data\Wikipedia\1001238 = data\Wikipedia\1001238
		data\Wikipedia\10012416 = data\Wikipedia\10012416
		data\Wikipedia\10012443 = data\Wikipedia\10012443
		data\Wikipedia\1001247 = data\Wikipedia\1001247
		data\Wikipedia\1001251 = data\Wikipedia\1001251
		data\Wikipedia\1001254 = data\Wikipedia\1001254
		data\Wikipedia\10012635 = data\Wikipedia\10012635
		data\Wikipedia\10012675 = data\Wikipedia\10012675
		data\Wikipedia\10012701 = data\Wikipedia\10012701
		data\Wikipedia\100128 = data\Wikipedia\100128
		data\Wikipedia\1001282 = data\Wikipedia\1001282
		data\Wikipedia\1001285 = data\Wikipedia\1001285
		data\Wikipedia\1001295 = data\Wikipedia\1001295
		data\Wikipedia\1001297 = data\Wikipedia\1001297
		data\Wikipedia\10012988 = data\Wikipedia\10012988
		data\Wikipedia\10013 = data\Wikipedia\10013
		data\Wikipedia\10013046 = data\Wikipedia\10013046
		data\Wikipedia\100131 = data\Wikipedia\100131
		data\Wikipedia\1001315 = data\Wikipedia\1001315
		data\Wikipedia\1001325 = data\Wikipedia\1001325
		data\Wikipedia\10013393 = data\Wikipedia\10013393
		data\Wikipedia\10013502 = data\Wikipedia\10013502
	EndProjectSection
EndProject
Project("{2150E333-8FDC-42A3-9474-1A3956D46DE8}") = "Thumbnails", "Thumbnails", "{A0D04202-7306-48CF-8976-B23A31FF9671}"
	ProjectSection(SolutionItems) = preProject
		data\Thumbnails\Images\cloud1.png = data\Thumbnails\Images\cloud1.png
		data\Thumbnails\Images\cloud2.jpg = data\Thumbnails\Images\cloud2.jpg
		data\Thumbnails\Images\cloud3.jpg = data\Thumbnails\Images\cloud3.jpg
		data\Thumbnails\Images\image4.jpg = data\Thumbnails\Images\image4.jpg
	EndProjectSection
EndProject
Project("{2150E333-8FDC-42A3-9474-1A3956D46DE8}") = "Shakespeare", "Shakespeare", "{AA7C5789-D247-4361-9F52-8A474008499E}"
	ProjectSection(SolutionItems) = preProject
		data\Shakespeare\allswellthatendswell.txt = data\Shakespeare\allswellthatendswell.txt
		data\Shakespeare\amsnd.txt = data\Shakespeare\amsnd.txt
		data\Shakespeare\antandcleo.txt = data\Shakespeare\antandcleo.txt
		data\Shakespeare\asyoulikeit.txt = data\Shakespeare\asyoulikeit.txt
		data\Shakespeare\comedyoferrors.txt = data\Shakespeare\comedyoferrors.txt
		data\Shakespeare\cymbeline.txt = data\Shakespeare\cymbeline.txt
		data\Shakespeare\hamlet.txt = data\Shakespeare\hamlet.txt
		data\Shakespeare\henryiv1.txt = data\Shakespeare\henryiv1.txt
		data\Shakespeare\henryiv2.txt = data\Shakespeare\henryiv2.txt
		data\Shakespeare\henryv.txt = data\Shakespeare\henryv.txt
		data\Shakespeare\henryvi1.txt = data\Shakespeare\henryvi1.txt
		data\Shakespeare\henryvi2.txt = data\Shakespeare\henryvi2.txt
		data\Shakespeare\henryvi3.txt = data\Shakespeare\henryvi3.txt
		data\Shakespeare\henryviii.txt = data\Shakespeare\henryviii.txt
		data\Shakespeare\juliuscaesar.txt = data\Shakespeare\juliuscaesar.txt
		data\Shakespeare\kingjohn.txt = data\Shakespeare\kingjohn.txt
		data\Shakespeare\kinglear.txt = data\Shakespeare\kinglear.txt
		data\Shakespeare\loveslobourslost.txt = data\Shakespeare\loveslobourslost.txt
		data\Shakespeare\maan.txt = data\Shakespeare\maan.txt
		data\Shakespeare\macbeth.txt = data\Shakespeare\macbeth.txt
		data\Shakespeare\measureformeasure.txt = data\Shakespeare\measureformeasure.txt
		data\Shakespeare\merchantofvenice.txt = data\Shakespeare\merchantofvenice.txt
		data\Shakespeare\othello.txt = data\Shakespeare\othello.txt
		data\Shakespeare\richardii.txt = data\Shakespeare\richardii.txt
		data\Shakespeare\richardiii.txt = data\Shakespeare\richardiii.txt
		data\Shakespeare\romeoandjuliet.txt = data\Shakespeare\romeoandjuliet.txt
		data\Shakespeare\tamingoftheshrew.txt = data\Shakespeare\tamingoftheshrew.txt
		data\Shakespeare\tempest.txt = data\Shakespeare\tempest.txt
		data\Shakespeare\themwofw.txt = data\Shakespeare\themwofw.txt
		data\Shakespeare\thetgofv.txt = data\Shakespeare\thetgofv.txt
		data\Shakespeare\timon.txt = data\Shakespeare\timon.txt
		data\Shakespeare\titus.txt = data\Shakespeare\titus.txt
		data\Shakespeare\troilusandcressida.txt = data\Shakespeare\troilusandcressida.txt
		data\Shakespeare\twelfthnight.txt = data\Shakespeare\twelfthnight.txt
		data\Shakespeare\winterstale.txt = data\Shakespeare\winterstale.txt
	EndProjectSection
EndProject
Project("{2150E333-8FDC-42A3-9474-1A3956D46DE8}") = "Sat", "Sat", "{FD42CF09-9AD1-44C3-A814-CE5F462DF2F1}"
	ProjectSection(SolutionItems) = preProject
		data\Sat-files\aim-50-1_6-no-3.cnf = data\Sat-files\aim-50-1_6-no-3.cnf
		data\Sat-files\aim-50-1_6-no-4.cnf = data\Sat-files\aim-50-1_6-no-4.cnf
		data\Sat-files\aim-50-6_0-yes1-3.cnf = data\Sat-files\aim-50-6_0-yes1-3.cnf
		data\Sat-files\aim-50-6_0-yes1-4.cnf = data\Sat-files\aim-50-6_0-yes1-4.cnf
	EndProjectSection
EndProject
Global
	GlobalSection(SolutionConfigurationPlatforms) = preSolution
		Debug|Any CPU = Debug|Any CPU
		Release|Any CPU = Release|Any CPU
	EndGlobalSection
	GlobalSection(ProjectConfigurationPlatforms) = postSolution
		{7305971B-AD13-43FF-BAF4-1E073D8A45BF}.Debug|Any CPU.ActiveCfg = Debug|Any CPU
		{7305971B-AD13-43FF-BAF4-1E073D8A45BF}.Release|Any CPU.ActiveCfg = Release|Any CPU
		{F85375AE-F4DA-4724-A69D-A7763BAF03B9}.Debug|Any CPU.ActiveCfg = Debug|Any CPU
		{F85375AE-F4DA-4724-A69D-A7763BAF03B9}.Debug|Any CPU.Build.0 = Debug|Any CPU
		{F85375AE-F4DA-4724-A69D-A7763BAF03B9}.Release|Any CPU.ActiveCfg = Release|Any CPU
		{F85375AE-F4DA-4724-A69D-A7763BAF03B9}.Release|Any CPU.Build.0 = Release|Any CPU
		{AD2244D4-30B0-4D86-BFAC-63164D7B93E5}.Debug|Any CPU.ActiveCfg = Debug|Any CPU
		{AD2244D4-30B0-4D86-BFAC-63164D7B93E5}.Debug|Any CPU.Build.0 = Debug|Any CPU
		{AD2244D4-30B0-4D86-BFAC-63164D7B93E5}.Release|Any CPU.ActiveCfg = Release|Any CPU
		{AD2244D4-30B0-4D86-BFAC-63164D7B93E5}.Release|Any CPU.Build.0 = Release|Any CPU
	EndGlobalSection
	GlobalSection(SolutionProperties) = preSolution
		HideSolutionNode = FALSE
	EndGlobalSection
	GlobalSection(NestedProjects) = preSolution
		{0133A2EB-B6F0-471A-9718-2FBAA61E3641} = {6E4F8F74-D46E-4D5C-B245-0AB787F6107F}
		{A0D04202-7306-48CF-8976-B23A31FF9671} = {6E4F8F74-D46E-4D5C-B245-0AB787F6107F}
		{AA7C5789-D247-4361-9F52-8A474008499E} = {6E4F8F74-D46E-4D5C-B245-0AB787F6107F}
		{FD42CF09-9AD1-44C3-A814-CE5F462DF2F1} = {6E4F8F74-D46E-4D5C-B245-0AB787F6107F}
	EndGlobalSection
EndGlobal
